// !$*UTF8*$!
{
	archiveVersion = 1;
	classes = {
	};
	objectVersion = 55;
	objects = {

/* Begin PBXBuildFile section */
		112E8AA12803FAA40065F8F5 /* AppDelegate.swift in Sources */ = {isa = PBXBuildFile; fileRef = 112E8AA02803FAA40065F8F5 /* AppDelegate.swift */; };
		112E8AA32803FAA40065F8F5 /* SceneDelegate.swift in Sources */ = {isa = PBXBuildFile; fileRef = 112E8AA22803FAA40065F8F5 /* SceneDelegate.swift */; };
		112E8AA82803FAA40065F8F5 /* Main.storyboard in Resources */ = {isa = PBXBuildFile; fileRef = 112E8AA62803FAA40065F8F5 /* Main.storyboard */; };
		112E8AAA2803FAA60065F8F5 /* Assets.xcassets in Resources */ = {isa = PBXBuildFile; fileRef = 112E8AA92803FAA60065F8F5 /* Assets.xcassets */; };
		112E8AAD2803FAA60065F8F5 /* LaunchScreen.storyboard in Resources */ = {isa = PBXBuildFile; fileRef = 112E8AAB2803FAA60065F8F5 /* LaunchScreen.storyboard */; };
		112E8AB62803FC560065F8F5 /* RickAndMorty.swift in Sources */ = {isa = PBXBuildFile; fileRef = 112E8AB52803FC560065F8F5 /* RickAndMorty.swift */; };
		112E8ABE2803FE9B0065F8F5 /* NetworkManager.swift in Sources */ = {isa = PBXBuildFile; fileRef = 112E8ABD2803FE9B0065F8F5 /* NetworkManager.swift */; };
		112E8AC228040CBB0065F8F5 /* TableViewCell.swift in Sources */ = {isa = PBXBuildFile; fileRef = 112E8AC128040CBB0065F8F5 /* TableViewCell.swift */; };
		112E8AC428040CDA0065F8F5 /* CharacterTableViewController.swift in Sources */ = {isa = PBXBuildFile; fileRef = 112E8AC328040CDA0065F8F5 /* CharacterTableViewController.swift */; };
		112E8AC828046C340065F8F5 /* CharacterDetailsViewController.swift in Sources */ = {isa = PBXBuildFile; fileRef = 112E8AC728046C340065F8F5 /* CharacterDetailsViewController.swift */; };
/* End PBXBuildFile section */

/* Begin PBXFileReference section */
		112E8A9D2803FAA40065F8F5 /* RickAndMortyTest.app */ = {isa = PBXFileReference; explicitFileType = wrapper.application; includeInIndex = 0; path = RickAndMortyTest.app; sourceTree = BUILT_PRODUCTS_DIR; };
		112E8AA02803FAA40065F8F5 /* AppDelegate.swift */ = {isa = PBXFileReference; lastKnownFileType = sourcecode.swift; path = AppDelegate.swift; sourceTree = "<group>"; };
		112E8AA22803FAA40065F8F5 /* SceneDelegate.swift */ = {isa = PBXFileReference; lastKnownFileType = sourcecode.swift; path = SceneDelegate.swift; sourceTree = "<group>"; };
		112E8AA72803FAA40065F8F5 /* Base */ = {isa = PBXFileReference; lastKnownFileType = file.storyboard; name = Base; path = Base.lproj/Main.storyboard; sourceTree = "<group>"; };
		112E8AA92803FAA60065F8F5 /* Assets.xcassets */ = {isa = PBXFileReference; lastKnownFileType = folder.assetcatalog; path = Assets.xcassets; sourceTree = "<group>"; };
		112E8AAC2803FAA60065F8F5 /* Base */ = {isa = PBXFileReference; lastKnownFileType = file.storyboard; name = Base; path = Base.lproj/LaunchScreen.storyboard; sourceTree = "<group>"; };
		112E8AAE2803FAA60065F8F5 /* Info.plist */ = {isa = PBXFileReference; lastKnownFileType = text.plist.xml; path = Info.plist; sourceTree = "<group>"; };
		112E8AB52803FC560065F8F5 /* RickAndMorty.swift */ = {isa = PBXFileReference; lastKnownFileType = sourcecode.swift; path = RickAndMorty.swift; sourceTree = "<group>"; };
		112E8ABD2803FE9B0065F8F5 /* NetworkManager.swift */ = {isa = PBXFileReference; lastKnownFileType = sourcecode.swift; path = NetworkManager.swift; sourceTree = "<group>"; };
		112E8AC128040CBB0065F8F5 /* TableViewCell.swift */ = {isa = PBXFileReference; lastKnownFileType = sourcecode.swift; path = TableViewCell.swift; sourceTree = "<group>"; };
		112E8AC328040CDA0065F8F5 /* CharacterTableViewController.swift */ = {isa = PBXFileReference; lastKnownFileType = sourcecode.swift; path = CharacterTableViewController.swift; sourceTree = "<group>"; };
		112E8AC728046C340065F8F5 /* CharacterDetailsViewController.swift */ = {isa = PBXFileReference; lastKnownFileType = sourcecode.swift; path = CharacterDetailsViewController.swift; sourceTree = "<group>"; };
/* End PBXFileReference section */

/* Begin PBXFrameworksBuildPhase section */
		112E8A9A2803FAA40065F8F5 /* Frameworks */ = {
			isa = PBXFrameworksBuildPhase;
			buildActionMask = 2147483647;
			files = (
			);
			runOnlyForDeploymentPostprocessing = 0;
		};
/* End PBXFrameworksBuildPhase section */

/* Begin PBXGroup section */
		112E8A942803FAA40065F8F5 = {
			isa = PBXGroup;
			children = (
				112E8A9F2803FAA40065F8F5 /* RickAndMortyTest */,
				112E8A9E2803FAA40065F8F5 /* Products */,
			);
			sourceTree = "<group>";
		};
		112E8A9E2803FAA40065F8F5 /* Products */ = {
			isa = PBXGroup;
			children = (
				112E8A9D2803FAA40065F8F5 /* RickAndMortyTest.app */,
			);
			name = Products;
			sourceTree = "<group>";
		};
		112E8A9F2803FAA40065F8F5 /* RickAndMortyTest */ = {
			isa = PBXGroup;
			children = (
				112E8AB82803FCC60065F8F5 /* Services */,
				112E8AB42803FC310065F8F5 /* Models */,
				112E8AB72803FC780065F8F5 /* View Controlles */,
				112E8ABA2803FD170065F8F5 /* Views */,
				112E8AB92803FCF30065F8F5 /* SupportingFiles */,
				112E8ABC2803FD800065F8F5 /* Storyboard */,
				112E8ABB2803FD5E0065F8F5 /* Sourse */,
			);
			path = RickAndMortyTest;
			sourceTree = "<group>";
		};
		112E8AB42803FC310065F8F5 /* Models */ = {
			isa = PBXGroup;
			children = (
				112E8AB52803FC560065F8F5 /* RickAndMorty.swift */,
			);
			path = Models;
			sourceTree = "<group>";
		};
		112E8AB72803FC780065F8F5 /* View Controlles */ = {
			isa = PBXGroup;
			children = (
				112E8AC328040CDA0065F8F5 /* CharacterTableViewController.swift */,
				112E8AC728046C340065F8F5 /* CharacterDetailsViewController.swift */,
			);
			path = "View Controlles";
			sourceTree = "<group>";
		};
		112E8AB82803FCC60065F8F5 /* Services */ = {
			isa = PBXGroup;
			children = (
				112E8ABD2803FE9B0065F8F5 /* NetworkManager.swift */,
			);
			path = Services;
			sourceTree = "<group>";
		};
		112E8AB92803FCF30065F8F5 /* SupportingFiles */ = {
			isa = PBXGroup;
			children = (
				112E8AA02803FAA40065F8F5 /* AppDelegate.swift */,
				112E8AA22803FAA40065F8F5 /* SceneDelegate.swift */,
				112E8AAE2803FAA60065F8F5 /* Info.plist */,
			);
			path = SupportingFiles;
			sourceTree = "<group>";
		};
		112E8ABA2803FD170065F8F5 /* Views */ = {
			isa = PBXGroup;
			children = (
				112E8AC128040CBB0065F8F5 /* TableViewCell.swift */,
			);
			path = Views;
			sourceTree = "<group>";
		};
		112E8ABB2803FD5E0065F8F5 /* Sourse */ = {
			isa = PBXGroup;
			children = (
				112E8AA92803FAA60065F8F5 /* Assets.xcassets */,
			);
			path = Sourse;
			sourceTree = "<group>";
		};
		112E8ABC2803FD800065F8F5 /* Storyboard */ = {
			isa = PBXGroup;
			children = (
				112E8AA62803FAA40065F8F5 /* Main.storyboard */,
				112E8AAB2803FAA60065F8F5 /* LaunchScreen.storyboard */,
			);
			path = Storyboard;
			sourceTree = "<group>";
		};
/* End PBXGroup section */

/* Begin PBXNativeTarget section */
		112E8A9C2803FAA40065F8F5 /* RickAndMortyTest */ = {
			isa = PBXNativeTarget;
			buildConfigurationList = 112E8AB12803FAA60065F8F5 /* Build configuration list for PBXNativeTarget "RickAndMortyTest" */;
			buildPhases = (
				112E8A992803FAA40065F8F5 /* Sources */,
				112E8A9A2803FAA40065F8F5 /* Frameworks */,
				112E8A9B2803FAA40065F8F5 /* Resources */,
			);
			buildRules = (
			);
			dependencies = (
			);
			name = RickAndMortyTest;
			productName = RickAndMortyTest;
			productReference = 112E8A9D2803FAA40065F8F5 /* RickAndMortyTest.app */;
			productType = "com.apple.product-type.application";
		};
/* End PBXNativeTarget section */

/* Begin PBXProject section */
		112E8A952803FAA40065F8F5 /* Project object */ = {
			isa = PBXProject;
			attributes = {
				BuildIndependentTargetsInParallel = 1;
				LastSwiftUpdateCheck = 1320;
				LastUpgradeCheck = 1320;
				TargetAttributes = {
					112E8A9C2803FAA40065F8F5 = {
						CreatedOnToolsVersion = 13.2.1;
					};
				};
			};
			buildConfigurationList = 112E8A982803FAA40065F8F5 /* Build configuration list for PBXProject "RickAndMortyTest" */;
			compatibilityVersion = "Xcode 13.0";
			developmentRegion = en;
			hasScannedForEncodings = 0;
			knownRegions = (
				en,
				Base,
			);
			mainGroup = 112E8A942803FAA40065F8F5;
			productRefGroup = 112E8A9E2803FAA40065F8F5 /* Products */;
			projectDirPath = "";
			projectRoot = "";
			targets = (
				112E8A9C2803FAA40065F8F5 /* RickAndMortyTest */,
			);
		};
/* End PBXProject section */

/* Begin PBXResourcesBuildPhase section */
		112E8A9B2803FAA40065F8F5 /* Resources */ = {
			isa = PBXResourcesBuildPhase;
			buildActionMask = 2147483647;
			files = (
				112E8AAD2803FAA60065F8F5 /* LaunchScreen.storyboard in Resources */,
				112E8AAA2803FAA60065F8F5 /* Assets.xcassets in Resources */,
				112E8AA82803FAA40065F8F5 /* Main.storyboard in Resources */,
			);
			runOnlyForDeploymentPostprocessing = 0;
		};
/* End PBXResourcesBuildPhase section */

/* Begin PBXSourcesBuildPhase section */
		112E8A992803FAA40065F8F5 /* Sources */ = {
			isa = PBXSourcesBuildPhase;
			buildActionMask = 2147483647;
			files = (
				112E8AC828046C340065F8F5 /* CharacterDetailsViewController.swift in Sources */,
				112E8AB62803FC560065F8F5 /* RickAndMorty.swift in Sources */,
				112E8AC428040CDA0065F8F5 /* CharacterTableViewController.swift in Sources */,
				112E8ABE2803FE9B0065F8F5 /* NetworkManager.swift in Sources */,
				112E8AC228040CBB0065F8F5 /* TableViewCell.swift in Sources */,
				112E8AA12803FAA40065F8F5 /* AppDelegate.swift in Sources */,
				112E8AA32803FAA40065F8F5 /* SceneDelegate.swift in Sources */,
			);
			runOnlyForDeploymentPostprocessing = 0;
		};
/* End PBXSourcesBuildPhase section */

/* Begin PBXVariantGroup section */
		112E8AA62803FAA40065F8F5 /* Main.storyboard */ = {
			isa = PBXVariantGroup;
			children = (
				112E8AA72803FAA40065F8F5 /* Base */,
			);
			name = Main.storyboard;
			sourceTree = "<group>";
		};
		112E8AAB2803FAA60065F8F5 /* LaunchScreen.storyboard */ = {
			isa = PBXVariantGroup;
			children = (
				112E8AAC2803FAA60065F8F5 /* Base */,
			);
			name = LaunchScreen.storyboard;
			sourceTree = "<group>";
		};
/* End PBXVariantGroup section */

/* Begin XCBuildConfiguration section */
		112E8AAF2803FAA60065F8F5 /* Debug */ = {
			isa = XCBuildConfiguration;
			buildSettings = {
				ALWAYS_SEARCH_USER_PATHS = NO;
				CLANG_ANALYZER_NONNULL = YES;
				CLANG_ANALYZER_NUMBER_OBJECT_CONVERSION = YES_AGGRESSIVE;
				CLANG_CXX_LANGUAGE_STANDARD = "gnu++17";
				CLANG_CXX_LIBRARY = "libc++";
				CLANG_ENABLE_MODULES = YES;
				CLANG_ENABLE_OBJC_ARC = YES;
				CLANG_ENABLE_OBJC_WEAK = YES;
				CLANG_WARN_BLOCK_CAPTURE_AUTORELEASING = YES;
				CLANG_WARN_BOOL_CONVERSION = YES;
				CLANG_WARN_COMMA = YES;
				CLANG_WARN_CONSTANT_CONVERSION = YES;
				CLANG_WARN_DEPRECATED_OBJC_IMPLEMENTATIONS = YES;
				CLANG_WARN_DIRECT_OBJC_ISA_USAGE = YES_ERROR;
				CLANG_WARN_DOCUMENTATION_COMMENTS = YES;
				CLANG_WARN_EMPTY_BODY = YES;
				CLANG_WARN_ENUM_CONVERSION = YES;
				CLANG_WARN_INFINITE_RECURSION = YES;
				CLANG_WARN_INT_CONVERSION = YES;
				CLANG_WARN_NON_LITERAL_NULL_CONVERSION = YES;
				CLANG_WARN_OBJC_IMPLICIT_RETAIN_SELF = YES;
				CLANG_WARN_OBJC_LITERAL_CONVERSION = YES;
				CLANG_WARN_OBJC_ROOT_CLASS = YES_ERROR;
				CLANG_WARN_QUOTED_INCLUDE_IN_FRAMEWORK_HEADER = YES;
				CLANG_WARN_RANGE_LOOP_ANALYSIS = YES;
				CLANG_WARN_STRICT_PROTOTYPES = YES;
				CLANG_WARN_SUSPICIOUS_MOVE = YES;
				CLANG_WARN_UNGUARDED_AVAILABILITY = YES_AGGRESSIVE;
				CLANG_WARN_UNREACHABLE_CODE = YES;
				CLANG_WARN__DUPLICATE_METHOD_MATCH = YES;
				COPY_PHASE_STRIP = NO;
				DEBUG_INFORMATION_FORMAT = dwarf;
				ENABLE_STRICT_OBJC_MSGSEND = YES;
				ENABLE_TESTABILITY = YES;
				GCC_C_LANGUAGE_STANDARD = gnu11;
				GCC_DYNAMIC_NO_PIC = NO;
				GCC_NO_COMMON_BLOCKS = YES;
				GCC_OPTIMIZATION_LEVEL = 0;
				GCC_PREPROCESSOR_DEFINITIONS = (
					"DEBUG=1",
					"$(inherited)",
				);
				GCC_WARN_64_TO_32_BIT_CONVERSION = YES;
				GCC_WARN_ABOUT_RETURN_TYPE = YES_ERROR;
				GCC_WARN_UNDECLARED_SELECTOR = YES;
				GCC_WARN_UNINITIALIZED_AUTOS = YES_AGGRESSIVE;
				GCC_WARN_UNUSED_FUNCTION = YES;
				GCC_WARN_UNUSED_VARIABLE = YES;
				IPHONEOS_DEPLOYMENT_TARGET = 15.2;
				MTL_ENABLE_DEBUG_INFO = INCLUDE_SOURCE;
				MTL_FAST_MATH = YES;
				ONLY_ACTIVE_ARCH = YES;
				SDKROOT = iphoneos;
				SWIFT_ACTIVE_COMPILATION_CONDITIONS = DEBUG;
				SWIFT_OPTIMIZATION_LEVEL = "-Onone";
			};
			name = Debug;
		};
		112E8AB02803FAA60065F8F5 /* Release */ = {
			isa = XCBuildConfiguration;
			buildSettings = {
				ALWAYS_SEARCH_USER_PATHS = NO;
				CLANG_ANALYZER_NONNULL = YES;
				CLANG_ANALYZER_NUMBER_OBJECT_CONVERSION = YES_AGGRESSIVE;
				CLANG_CXX_LANGUAGE_STANDARD = "gnu++17";
				CLANG_CXX_LIBRARY = "libc++";
				CLANG_ENABLE_MODULES = YES;
				CLANG_ENABLE_OBJC_ARC = YES;
				CLANG_ENABLE_OBJC_WEAK = YES;
				CLANG_WARN_BLOCK_CAPTURE_AUTORELEASING = YES;
				CLANG_WARN_BOOL_CONVERSION = YES;
				CLANG_WARN_COMMA = YES;
				CLANG_WARN_CONSTANT_CONVERSION = YES;
				CLANG_WARN_DEPRECATED_OBJC_IMPLEMENTATIONS = YES;
				CLANG_WARN_DIRECT_OBJC_ISA_USAGE = YES_ERROR;
				CLANG_WARN_DOCUMENTATION_COMMENTS = YES;
				CLANG_WARN_EMPTY_BODY = YES;
				CLANG_WARN_ENUM_CONVERSION = YES;
				CLANG_WARN_INFINITE_RECURSION = YES;
				CLANG_WARN_INT_CONVERSION = YES;
				CLANG_WARN_NON_LITERAL_NULL_CONVERSION = YES;
				CLANG_WARN_OBJC_IMPLICIT_RETAIN_SELF = YES;
				CLANG_WARN_OBJC_LITERAL_CONVERSION = YES;
				CLANG_WARN_OBJC_ROOT_CLASS = YES_ERROR;
				CLANG_WARN_QUOTED_INCLUDE_IN_FRAMEWORK_HEADER = YES;
				CLANG_WARN_RANGE_LOOP_ANALYSIS = YES;
				CLANG_WARN_STRICT_PROTOTYPES = YES;
				CLANG_WARN_SUSPICIOUS_MOVE = YES;
				CLANG_WARN_UNGUARDED_AVAILABILITY = YES_AGGRESSIVE;
				CLANG_WARN_UNREACHABLE_CODE = YES;
				CLANG_WARN__DUPLICATE_METHOD_MATCH = YES;
				COPY_PHASE_STRIP = NO;
				DEBUG_INFORMATION_FORMAT = "dwarf-with-dsym";
				ENABLE_NS_ASSERTIONS = NO;
				ENABLE_STRICT_OBJC_MSGSEND = YES;
				GCC_C_LANGUAGE_STANDARD = gnu11;
				GCC_NO_COMMON_BLOCKS = YES;
				GCC_WARN_64_TO_32_BIT_CONVERSION = YES;
				GCC_WARN_ABOUT_RETURN_TYPE = YES_ERROR;
				GCC_WARN_UNDECLARED_SELECTOR = YES;
				GCC_WARN_UNINITIALIZED_AUTOS = YES_AGGRESSIVE;
				GCC_WARN_UNUSED_FUNCTION = YES;
				GCC_WARN_UNUSED_VARIABLE = YES;
				IPHONEOS_DEPLOYMENT_TARGET = 15.2;
				MTL_ENABLE_DEBUG_INFO = NO;
				MTL_FAST_MATH = YES;
				SDKROOT = iphoneos;
				SWIFT_COMPILATION_MODE = wholemodule;
				SWIFT_OPTIMIZATION_LEVEL = "-O";
				VALIDATE_PRODUCT = YES;
			};
			name = Release;
		};
		112E8AB22803FAA60065F8F5 /* Debug */ = {
			isa = XCBuildConfiguration;
			buildSettings = {
				ASSETCATALOG_COMPILER_APPICON_NAME = AppIcon;
				ASSETCATALOG_COMPILER_GLOBAL_ACCENT_COLOR_NAME = AccentColor;
				CODE_SIGN_STYLE = Automatic;
				CURRENT_PROJECT_VERSION = 1;
				GENERATE_INFOPLIST_FILE = YES;
				INFOPLIST_FILE = RickAndMortyTest/SupportingFiles/Info.plist;
				INFOPLIST_KEY_UIApplicationSupportsIndirectInputEvents = YES;
				INFOPLIST_KEY_UILaunchStoryboardName = LaunchScreen;
				INFOPLIST_KEY_UIMainStoryboardFile = Main;
				INFOPLIST_KEY_UISupportedInterfaceOrientations_iPad = "UIInterfaceOrientationPortrait UIInterfaceOrientationPortraitUpsideDown UIInterfaceOrientationLandscapeLeft UIInterfaceOrientationLandscapeRight";
				INFOPLIST_KEY_UISupportedInterfaceOrientations_iPhone = "UIInterfaceOrientationPortrait UIInterfaceOrientationLandscapeLeft UIInterfaceOrientationLandscapeRight";
				LD_RUNPATH_SEARCH_PATHS = (
					"$(inherited)",
					"@executable_path/Frameworks",
				);
				MARKETING_VERSION = 1.0;
				PRODUCT_BUNDLE_IDENTIFIER = ODN.RickAndMortyTest;
				PRODUCT_NAME = "$(TARGET_NAME)";
				SWIFT_EMIT_LOC_STRINGS = YES;
				SWIFT_VERSION = 5.0;
				TARGETED_DEVICE_FAMILY = "1,2";
			};
			name = Debug;
		};
		112E8AB32803FAA60065F8F5 /* Release */ = {
			isa = XCBuildConfiguration;
			buildSettings = {
				ASSETCATALOG_COMPILER_APPICON_NAME = AppIcon;
				ASSETCATALOG_COMPILER_GLOBAL_ACCENT_COLOR_NAME = AccentColor;
				CODE_SIGN_STYLE = Automatic;
				CURRENT_PROJECT_VERSION = 1;
				GENERATE_INFOPLIST_FILE = YES;
				INFOPLIST_FILE = RickAndMortyTest/SupportingFiles/Info.plist;
				INFOPLIST_KEY_UIApplicationSupportsIndirectInputEvents = YES;
				INFOPLIST_KEY_UILaunchStoryboardName = LaunchScreen;
				INFOPLIST_KEY_UIMainStoryboardFile = Main;
				INFOPLIST_KEY_UISupportedInterfaceOrientations_iPad = "UIInterfaceOrientationPortrait UIInterfaceOrientationPortraitUpsideDown UIInterfaceOrientationLandscapeLeft UIInterfaceOrientationLandscapeRight";
				INFOPLIST_KEY_UISupportedInterfaceOrientations_iPhone = "UIInterfaceOrientationPortrait UIInterfaceOrientationLandscapeLeft UIInterfaceOrientationLandscapeRight";
				LD_RUNPATH_SEARCH_PATHS = (
					"$(inherited)",
					"@executable_path/Frameworks",
				);
				MARKETING_VERSION = 1.0;
				PRODUCT_BUNDLE_IDENTIFIER = ODN.RickAndMortyTest;
				PRODUCT_NAME = "$(TARGET_NAME)";
				SWIFT_EMIT_LOC_STRINGS = YES;
				SWIFT_VERSION = 5.0;
				TARGETED_DEVICE_FAMILY = "1,2";
			};
			name = Release;
		};
/* End XCBuildConfiguration section */

/* Begin XCConfigurationList section */
		112E8A982803FAA40065F8F5 /* Build configuration list for PBXProject "RickAndMortyTest" */ = {
			isa = XCConfigurationList;
			buildConfigurations = (
				112E8AAF2803FAA60065F8F5 /* Debug */,
				112E8AB02803FAA60065F8F5 /* Release */,
			);
			defaultConfigurationIsVisible = 0;
			defaultConfigurationName = Release;
		};
		112E8AB12803FAA60065F8F5 /* Build configuration list for PBXNativeTarget "RickAndMortyTest" */ = {
			isa = XCConfigurationList;
			buildConfigurations = (
				112E8AB22803FAA60065F8F5 /* Debug */,
				112E8AB32803FAA60065F8F5 /* Release */,
			);
			defaultConfigurationIsVisible = 0;
			defaultConfigurationName = Release;
		};
/* End XCConfigurationList section */
	};
	rootObject = 112E8A952803FAA40065F8F5 /* Project object */;
}
